
Microsoft Visual Studio Solution File, Format Version 12.00
# Visual Studio 2013
VisualStudioVersion = 12.0.40629.0
MinimumVisualStudioVersion = 10.0.40219.1
Project("{FAE04EC0-301F-11D3-BF4B-00C04F79EFBC}") = "SET-ConfigProfile", "SET-ConfigProfile\SET-ConfigProfile.csproj", "{04DDD4B1-1830-45C6-B67C-8F6301F3F01C}"
EndProject
Global
	GlobalSection(SolutionConfigurationPlatforms) = preSolution
		Debug|Any CPU = Debug|Any CPU
		Release|Any CPU = Release|Any CPU
	EndGlobalSection
	GlobalSection(ProjectConfigurationPlatforms) = postSolution
		{04DDD4B1-1830-45C6-B67C-8F6301F3F01C}.Debug|Any CPU.ActiveCfg = Debug|Any CPU
		{04DDD4B1-1830-45C6-B67C-8F6301F3F01C}.Debug|Any CPU.Build.0 = Debug|Any CPU
		{04DDD4B1-1830-45C6-B67C-8F6301F3F01C}.Release|Any CPU.ActiveCfg = Release|Any CPU
		{04DDD4B1-1830-45C6-B67C-8F6301F3F01C}.Release|Any CPU.Build.0 = Release|Any CPU
	EndGlobalSection
	GlobalSection(SolutionProperties) = preSolution
		HideSolutionNode = FALSE
	EndGlobalSection
EndGlobal
